
Microsoft Visual Studio Solution File, Format Version 12.00
# Visual Studio Version 17
VisualStudioVersion = 17.3.32929.385
MinimumVisualStudioVersion = 10.0.40219.1
Project("{FAE04EC0-301F-11D3-BF4B-00C04F79EFBC}") = "MSBackend.Entities", "MSBackend.Entities\MSBackend.Entities.csproj", "{C4236FFB-283F-4F9F-81DA-D5E29F8996AC}"
EndProject
Project("{FAE04EC0-301F-11D3-BF4B-00C04F79EFBC}") = "MsBackend.DataAccess", "MsBackend.DataAccess\MsBackend.DataAccess.csproj", "{C6FBCBB3-8327-4361-95F0-BC2F2D8803D4}"
EndProject
Project("{FAE04EC0-301F-11D3-BF4B-00C04F79EFBC}") = "MsBackend.Core", "MsBackend.Core\MsBackend.Core.csproj", "{6429A2A6-850D-4CF9-8463-9F9CCFE7BA7F}"
EndProject
Project("{FAE04EC0-301F-11D3-BF4B-00C04F79EFBC}") = "MsBackend.Business", "MsBackend.Business\MsBackend.Business.csproj", "{3CA691F0-BED9-464C-8DB7-52208FBCC4B0}"
EndProject
Project("{FAE04EC0-301F-11D3-BF4B-00C04F79EFBC}") = "WebApiCore", "WebApiCore\WebApiCore.csproj", "{F1C0564C-0865-489C-A96B-3B72E066B0E6}"
EndProject
Global
	GlobalSection(SolutionConfigurationPlatforms) = preSolution
		Debug|Any CPU = Debug|Any CPU
		Release|Any CPU = Release|Any CPU
	EndGlobalSection
	GlobalSection(ProjectConfigurationPlatforms) = postSolution
		{C4236FFB-283F-4F9F-81DA-D5E29F8996AC}.Debug|Any CPU.ActiveCfg = Debug|Any CPU
		{C4236FFB-283F-4F9F-81DA-D5E29F8996AC}.Debug|Any CPU.Build.0 = Debug|Any CPU
		{C4236FFB-283F-4F9F-81DA-D5E29F8996AC}.Release|Any CPU.ActiveCfg = Release|Any CPU
		{C4236FFB-283F-4F9F-81DA-D5E29F8996AC}.Release|Any CPU.Build.0 = Release|Any CPU
		{C6FBCBB3-8327-4361-95F0-BC2F2D8803D4}.Debug|Any CPU.ActiveCfg = Debug|Any CPU
		{C6FBCBB3-8327-4361-95F0-BC2F2D8803D4}.Debug|Any CPU.Build.0 = Debug|Any CPU
		{C6FBCBB3-8327-4361-95F0-BC2F2D8803D4}.Release|Any CPU.ActiveCfg = Release|Any CPU
		{C6FBCBB3-8327-4361-95F0-BC2F2D8803D4}.Release|Any CPU.Build.0 = Release|Any CPU
		{6429A2A6-850D-4CF9-8463-9F9CCFE7BA7F}.Debug|Any CPU.ActiveCfg = Debug|Any CPU
		{6429A2A6-850D-4CF9-8463-9F9CCFE7BA7F}.Debug|Any CPU.Build.0 = Debug|Any CPU
		{6429A2A6-850D-4CF9-8463-9F9CCFE7BA7F}.Release|Any CPU.ActiveCfg = Release|Any CPU
		{6429A2A6-850D-4CF9-8463-9F9CCFE7BA7F}.Release|Any CPU.Build.0 = Release|Any CPU
		{3CA691F0-BED9-464C-8DB7-52208FBCC4B0}.Debug|Any CPU.ActiveCfg = Debug|Any CPU
		{3CA691F0-BED9-464C-8DB7-52208FBCC4B0}.Debug|Any CPU.Build.0 = Debug|Any CPU
		{3CA691F0-BED9-464C-8DB7-52208FBCC4B0}.Release|Any CPU.ActiveCfg = Release|Any CPU
		{3CA691F0-BED9-464C-8DB7-52208FBCC4B0}.Release|Any CPU.Build.0 = Release|Any CPU
		{F1C0564C-0865-489C-A96B-3B72E066B0E6}.Debug|Any CPU.ActiveCfg = Debug|Any CPU
		{F1C0564C-0865-489C-A96B-3B72E066B0E6}.Debug|Any CPU.Build.0 = Debug|Any CPU
		{F1C0564C-0865-489C-A96B-3B72E066B0E6}.Release|Any CPU.ActiveCfg = Release|Any CPU
		{F1C0564C-0865-489C-A96B-3B72E066B0E6}.Release|Any CPU.Build.0 = Release|Any CPU
	EndGlobalSection
	GlobalSection(SolutionProperties) = preSolution
		HideSolutionNode = FALSE
	EndGlobalSection
	GlobalSection(ExtensibilityGlobals) = postSolution
		SolutionGuid = {8CEB7C1F-CE58-4A5F-BAA1-2DCF9E6551B4}
	EndGlobalSection
EndGlobal
